
Microsoft Visual Studio Solution File, Format Version 12.00
# Visual Studio Version 17
VisualStudioVersion = 17.3.32922.545
MinimumVisualStudioVersion = 10.0.40219.1
Project("{FAE04EC0-301F-11D3-BF4B-00C04F79EFBC}") = "Projekt", "Projekt\Projekt.csproj", "{84A042F7-065F-44BC-AF56-98FF1F95E5EA}"
EndProject
Global
	GlobalSection(SolutionConfigurationPlatforms) = preSolution
		Debug|Any CPU = Debug|Any CPU
		Release|Any CPU = Release|Any CPU
	EndGlobalSection
	GlobalSection(ProjectConfigurationPlatforms) = postSolution
		{84A042F7-065F-44BC-AF56-98FF1F95E5EA}.Debug|Any CPU.ActiveCfg = Debug|Any CPU
		{84A042F7-065F-44BC-AF56-98FF1F95E5EA}.Debug|Any CPU.Build.0 = Debug|Any CPU
		{84A042F7-065F-44BC-AF56-98FF1F95E5EA}.Release|Any CPU.ActiveCfg = Release|Any CPU
		{84A042F7-065F-44BC-AF56-98FF1F95E5EA}.Release|Any CPU.Build.0 = Release|Any CPU
	EndGlobalSection
	GlobalSection(SolutionProperties) = preSolution
		HideSolutionNode = FALSE
	EndGlobalSection
	GlobalSection(ExtensibilityGlobals) = postSolution
		SolutionGuid = {7126F4AA-C84F-49DF-99DC-F7D9643EE538}
	EndGlobalSection
EndGlobal
